
Microsoft Visual Studio Solution File, Format Version 12.00
# Visual Studio 15
VisualStudioVersion = 15.0.28307.852
MinimumVisualStudioVersion = 10.0.40219.1
Project("{FAE04EC0-301F-11D3-BF4B-00C04F79EFBC}") = "RewardSystemWeb", "RewardSystemWeb.csproj", "{875C64F7-5B18-4D58-8255-62A8295B2ACC}"
EndProject
Project("{FAE04EC0-301F-11D3-BF4B-00C04F79EFBC}") = "RewardSystem", "..\RewardSystem\RewardSystem.csproj", "{6BF513F8-B0B5-4DC1-A155-B9F633978398}"
EndProject
Global
	GlobalSection(SolutionConfigurationPlatforms) = preSolution
		Debug|Any CPU = Debug|Any CPU
		Release|Any CPU = Release|Any CPU
	EndGlobalSection
	GlobalSection(ProjectConfigurationPlatforms) = postSolution
		{875C64F7-5B18-4D58-8255-62A8295B2ACC}.Debug|Any CPU.ActiveCfg = Debug|Any CPU
		{875C64F7-5B18-4D58-8255-62A8295B2ACC}.Debug|Any CPU.Build.0 = Debug|Any CPU
		{875C64F7-5B18-4D58-8255-62A8295B2ACC}.Release|Any CPU.ActiveCfg = Release|Any CPU
		{875C64F7-5B18-4D58-8255-62A8295B2ACC}.Release|Any CPU.Build.0 = Release|Any CPU
		{6BF513F8-B0B5-4DC1-A155-B9F633978398}.Debug|Any CPU.ActiveCfg = Debug|Any CPU
		{6BF513F8-B0B5-4DC1-A155-B9F633978398}.Debug|Any CPU.Build.0 = Debug|Any CPU
		{6BF513F8-B0B5-4DC1-A155-B9F633978398}.Release|Any CPU.ActiveCfg = Release|Any CPU
		{6BF513F8-B0B5-4DC1-A155-B9F633978398}.Release|Any CPU.Build.0 = Release|Any CPU
	EndGlobalSection
	GlobalSection(SolutionProperties) = preSolution
		HideSolutionNode = FALSE
	EndGlobalSection
	GlobalSection(ExtensibilityGlobals) = postSolution
		SolutionGuid = {174AA8F2-9747-4185-B43F-9EDD9C91C718}
	EndGlobalSection
EndGlobal
